{
  "requires": true,
  "lockfileVersion": 1,
  "dependencies": {
    "async": {
      "version": "0.1.22",
      "resolved": "https://registry.npmjs.org/async/-/async-0.1.22.tgz",
      "integrity": "sha1-D8GqoIig4+8Ovi2IMbqw3PiEUGE="
    },
    "dref": {
      "version": "0.0.6",
      "resolved": "https://registry.npmjs.org/dref/-/dref-0.0.6.tgz",
      "integrity": "sha1-SOJllJNksDpBPLCdmXMo/P8rlmw=",
      "requires": {
        "dref": "0.0.x",
        "structr": "0.2.x",
        "type-component": "0.0.x"
      }
    },
    "outcome": {
      "version": "0.0.18",
      "resolved": "https://registry.npmjs.org/outcome/-/outcome-0.0.18.tgz",
      "integrity": "sha1-encgIypLxWMcJ8qAcFtt3nU25js="
    },
    "phonegap-plugin-barcodescanner": {
      "version": "6.0.8",
      "resolved": "https://registry.npmjs.org/phonegap-plugin-barcodescanner/-/phonegap-plugin-barcodescanner-6.0.8.tgz",
      "integrity": "sha1-2VxyuKrhaD9jD7wMFt1R7efuROs="
    },
    "plugin": {
      "version": "0.3.3",
      "resolved": "https://registry.npmjs.org/plugin/-/plugin-0.3.3.tgz",
      "integrity": "sha1-CRQKYk8XVNs6gzYRqYjKbkdO7uE=",
      "requires": {
        "async": "0.1.x",
        "dref": "0.0.x",
        "outcome": "0.0.x",
        "resolve": "0.2.x",
        "sift": "0.0.x",
        "step": "0.0.x",
        "structr": "0.2.x",
        "toarray": "0.0.x",
        "underscore": "1.4.x"
      }
    },
    "resolve": {
      "version": "0.2.8",
      "resolved": "https://registry.npmjs.org/resolve/-/resolve-0.2.8.tgz",
      "integrity": "sha1-/bF9SrsOyvb4DWesA88pAIj2wNA="
    },
    "sift": {
      "version": "0.0.18",
      "resolved": "https://registry.npmjs.org/sift/-/sift-0.0.18.tgz",
      "integrity": "sha1-HV85c14ktGVD2AbSdMgZf9ksVKQ="
    },
    "step": {
      "version": "0.0.6",
      "resolved": "https://registry.npmjs.org/step/-/step-0.0.6.tgz",
      "integrity": "sha1-FD54SaXX0/SgiP4pr5SRUhbu7eI="
    },
    "structr": {
      "version": "0.2.4",
      "resolved": "https://registry.npmjs.org/structr/-/structr-0.2.4.tgz",
      "integrity": "sha1-ihWqtQG8WTM/sdUpchvonxvD3JM="
    },
    "toarray": {
      "version": "0.0.1",
      "resolved": "https://registry.npmjs.org/toarray/-/toarray-0.0.1.tgz",
      "integrity": "sha1-oRVDCoSkvpGydG9iueB8g6P7jEU="
    },
    "type-component": {
      "version": "0.0.1",
      "resolved": "https://registry.npmjs.org/type-component/-/type-component-0.0.1.tgz",
      "integrity": "sha1-lSpsgcIe/STRPYEdDISYy4YOGVY="
    },
    "underscore": {
      "version": "1.4.4",
      "resolved": "https://registry.npmjs.org/underscore/-/underscore-1.4.4.tgz",
      "integrity": "sha1-YaajIBBiKvoHljvzJSA88SI51gQ="
    }
  }
}
